<Solution>
  <Folder Name="/src/">
    <Project Path="src/NexerAI.Adapters/NexerAI.Adapters.csproj" />
    <Project Path="src/NexerAI.Cli/NexerAI.Cli.csproj" />
    <Project Path="src/NexerAI.Core/NexerAI.Core.csproj" />
  </Folder>
  <Folder Name="/tests/">
    <Project Path="tests/NexerAI.Adapters.Tests/NexerAI.Adapters.Tests.csproj" />
    <Project Path="tests/NexerAI.Core.Tests/NexerAI.Core.Tests.csproj" />
  </Folder>
</Solution>
